
Microsoft Visual Studio Solution File, Format Version 12.00
# Visual Studio Version 16
VisualStudioVersion = 16.0.29613.14
MinimumVisualStudioVersion = 10.0.40219.1
Project("{FAE04EC0-301F-11D3-BF4B-00C04F79EFBC}") = "PIXOrganizer_old", "PIXOrganizer_old.csproj", "{C5B28DE2-5CE7-4891-8C88-F30FC8835E7E}"
EndProject
Project("{FAE04EC0-301F-11D3-BF4B-00C04F79EFBC}") = "PORG", "..\PORG\PORG.csproj", "{1F10ADE1-2C60-4892-A204-FD5248B495C9}"
EndProject
Global
	GlobalSection(SolutionConfigurationPlatforms) = preSolution
		Debug|Any CPU = Debug|Any CPU
		Release|Any CPU = Release|Any CPU
	EndGlobalSection
	GlobalSection(ProjectConfigurationPlatforms) = postSolution
		{C5B28DE2-5CE7-4891-8C88-F30FC8835E7E}.Debug|Any CPU.ActiveCfg = Debug|Any CPU
		{C5B28DE2-5CE7-4891-8C88-F30FC8835E7E}.Debug|Any CPU.Build.0 = Debug|Any CPU
		{C5B28DE2-5CE7-4891-8C88-F30FC8835E7E}.Release|Any CPU.ActiveCfg = Release|Any CPU
		{C5B28DE2-5CE7-4891-8C88-F30FC8835E7E}.Release|Any CPU.Build.0 = Release|Any CPU
		{1F10ADE1-2C60-4892-A204-FD5248B495C9}.Debug|Any CPU.ActiveCfg = Debug|Any CPU
		{1F10ADE1-2C60-4892-A204-FD5248B495C9}.Debug|Any CPU.Build.0 = Debug|Any CPU
		{1F10ADE1-2C60-4892-A204-FD5248B495C9}.Release|Any CPU.ActiveCfg = Release|Any CPU
		{1F10ADE1-2C60-4892-A204-FD5248B495C9}.Release|Any CPU.Build.0 = Release|Any CPU
	EndGlobalSection
	GlobalSection(SolutionProperties) = preSolution
		HideSolutionNode = FALSE
	EndGlobalSection
	GlobalSection(ExtensibilityGlobals) = postSolution
		SolutionGuid = {18C725B3-411B-4E03-852D-2995290A988D}
	EndGlobalSection
EndGlobal
